dependencies:
  '@types/markdown-it': 10.0.2
  markdown-it: 12.0.0
  vue: 2.6.12
devDependencies:
  typescript: 4.0.3
lockfileVersion: 5.1
packages:
  /@types/linkify-it/2.1.0:
    dev: false
    resolution:
      integrity: sha512-Q7DYAOi9O/+cLLhdaSvKdaumWyHbm7HAk/bFwwyTuU0arR5yyCeW5GOoqt4tJTpDRxhpx9Q8kQL6vMpuw9hDSw==
  /@types/markdown-it/10.0.2:
    dependencies:
      '@types/linkify-it': 2.1.0
      '@types/mdurl': 1.0.2
    dev: false
    resolution:
      integrity: sha512-FGKiVW1UgeIEAChYAuHcfCd0W4LsMEyrSyTVaZiuJhwR4BwSVUD8JKnzmWAMK2FHNLZSPGUaEkpa/dkZj2uq1w==
  /@types/mdurl/1.0.2:
    dev: false
    resolution:
      integrity: sha512-eC4U9MlIcu2q0KQmXszyn5Akca/0jrQmwDRgpAMJai7qBWq4amIQhZyNau4VYGtCeALvW1/NtjzJJ567aZxfKA==
  /argparse/2.0.1:
    dev: false
    resolution:
      integrity: sha512-8+9WqebbFzpX9OR+Wa6O29asIogeRMzcGtAINdpMHHyAg10f05aSFVBbcEqGf/PXw1EjAZ+q2/bEBg3DvurK3Q==
  /entities/2.0.3:
    dev: false
    resolution:
      integrity: sha512-MyoZ0jgnLvB2X3Lg5HqpFmn1kybDiIfEQmKzTb5apr51Rb+T3KdmMiqa70T+bhGnyv7bQ6WMj2QMHpGMmlrUYQ==
  /linkify-it/3.0.2:
    dependencies:
      uc.micro: 1.0.6
    dev: false
    resolution:
      integrity: sha512-gDBO4aHNZS6coiZCKVhSNh43F9ioIL4JwRjLZPkoLIY4yZFwg264Y5lu2x6rb1Js42Gh6Yqm2f6L2AJcnkzinQ==
  /markdown-it/12.0.0:
    dependencies:
      argparse: 2.0.1
      entities: 2.0.3
      linkify-it: 3.0.2
      mdurl: 1.0.1
      uc.micro: 1.0.6
    dev: false
    hasBin: true
    resolution:
      integrity: sha512-zPq5nGY5L8FXVwffjbXwPqzh9TgkrZ4NDTWuiX5wUP0l/wvmlnJR+6ebbNlLqYzB7erhlAwxQusgXa1VqojTQg==
  /mdurl/1.0.1:
    dev: false
    resolution:
      integrity: sha1-/oWy7HWlkDfyrf7BAP1sYBdhFS4=
  /typescript/4.0.3:
    dev: true
    engines:
      node: '>=4.2.0'
    hasBin: true
    resolution:
      integrity: sha512-tEu6DGxGgRJPb/mVPIZ48e69xCn2yRmCgYmDugAVwmJ6o+0u1RI18eO7E7WBTLYLaEVVOhwQmcdhQHweux/WPg==
  /uc.micro/1.0.6:
    dev: false
    resolution:
      integrity: sha512-8Y75pvTYkLJW2hWQHXxoqRgV7qb9B+9vFEtidML+7koHUFapnVJAZ6cKs+Qjz5Aw3aZWHMC6u0wJE3At+nSGwA==
  /vue/2.6.12:
    dev: false
    resolution:
      integrity: sha512-uhmLFETqPPNyuLLbsKz6ioJ4q7AZHzD8ZVFNATNyICSZouqP2Sz0rotWQC8UNBF6VGSCs5abnKJoStA6JbCbfg==
specifiers:
  '@types/markdown-it': ^10.0.2
  markdown-it: ^12.0.0
  typescript: ^4.0.3
  vue: ^2.6.12
