lockfileVersion: 5.3

specifiers:
  '@types/markdown-it': ^12.0.1
  '@types/punycode': ^2.1.0
  markdown-it: ^12.0.6
  punycode: ^2.1.1
  typescript: ^4.3.2
  vue: ^2.6.13

dependencies:
  markdown-it: 12.0.6
  punycode: 2.1.1
  vue: 2.6.13

devDependencies:
  '@types/markdown-it': 12.0.1
  '@types/punycode': 2.1.0
  typescript: 4.3.2

packages:

  /@types/highlight.js/9.12.4:
    resolution: {integrity: sha512-t2szdkwmg2JJyuCM20e8kR2X59WCE5Zkl4bzm1u1Oukjm79zpbiAv+QjnwLnuuV0WHEcX2NgUItu0pAMKuOPww==}
    dev: true

  /@types/linkify-it/3.0.1:
    resolution: {integrity: sha512-pQv3Sygwxxh6jYQzXaiyWDAHevJqWtqDUv6t11Sa9CPGiXny66II7Pl6PR8QO5OVysD6HYOkHMeBgIjLnk9SkQ==}
    dev: true

  /@types/markdown-it/12.0.1:
    resolution: {integrity: sha512-mHfT8j/XkPb1uLEfs0/C3se6nd+webC2kcqcy8tgcVr0GDEONv/xaQzAN+aQvkxQXk/jC0Q6mPS+0xhFwRF35g==}
    dependencies:
      '@types/highlight.js': 9.12.4
      '@types/linkify-it': 3.0.1
      '@types/mdurl': 1.0.2
    dev: true

  /@types/mdurl/1.0.2:
    resolution: {integrity: sha512-eC4U9MlIcu2q0KQmXszyn5Akca/0jrQmwDRgpAMJai7qBWq4amIQhZyNau4VYGtCeALvW1/NtjzJJ567aZxfKA==}
    dev: true

  /@types/punycode/2.1.0:
    resolution: {integrity: sha512-PG5aLpW6PJOeV2fHRslP4IOMWn+G+Uq8CfnyJ+PDS8ndCbU+soO+fB3NKCKo0p/Jh2Y4aPaiQZsrOXFdzpcA6g==}
    dev: true

  /argparse/2.0.1:
    resolution: {integrity: sha512-8+9WqebbFzpX9OR+Wa6O29asIogeRMzcGtAINdpMHHyAg10f05aSFVBbcEqGf/PXw1EjAZ+q2/bEBg3DvurK3Q==}
    dev: false

  /entities/2.1.0:
    resolution: {integrity: sha512-hCx1oky9PFrJ611mf0ifBLBRW8lUUVRlFolb5gWRfIELabBlbp9xZvrqZLZAs+NxFnbfQoeGd8wDkygjg7U85w==}
    dev: false

  /linkify-it/3.0.2:
    resolution: {integrity: sha512-gDBO4aHNZS6coiZCKVhSNh43F9ioIL4JwRjLZPkoLIY4yZFwg264Y5lu2x6rb1Js42Gh6Yqm2f6L2AJcnkzinQ==}
    dependencies:
      uc.micro: 1.0.6
    dev: false

  /markdown-it/12.0.6:
    resolution: {integrity: sha512-qv3sVLl4lMT96LLtR7xeRJX11OUFjsaD5oVat2/SNBIb21bJXwal2+SklcRbTwGwqWpWH/HRtYavOoJE+seL8w==}
    hasBin: true
    dependencies:
      argparse: 2.0.1
      entities: 2.1.0
      linkify-it: 3.0.2
      mdurl: 1.0.1
      uc.micro: 1.0.6
    dev: false

  /mdurl/1.0.1:
    resolution: {integrity: sha1-/oWy7HWlkDfyrf7BAP1sYBdhFS4=}
    dev: false

  /punycode/2.1.1:
    resolution: {integrity: sha512-XRsRjdf+j5ml+y/6GKHPZbrF/8p2Yga0JPtdqTIY2Xe5ohJPD9saDJJLPvp9+NSBprVvevdXZybnj2cv8OEd0A==}
    engines: {node: '>=6'}
    dev: false

  /typescript/4.3.2:
    resolution: {integrity: sha512-zZ4hShnmnoVnAHpVHWpTcxdv7dWP60S2FsydQLV8V5PbS3FifjWFFRiHSWpDJahly88PRyV5teTSLoq4eG7mKw==}
    engines: {node: '>=4.2.0'}
    hasBin: true
    dev: true

  /uc.micro/1.0.6:
    resolution: {integrity: sha512-8Y75pvTYkLJW2hWQHXxoqRgV7qb9B+9vFEtidML+7koHUFapnVJAZ6cKs+Qjz5Aw3aZWHMC6u0wJE3At+nSGwA==}
    dev: false

  /vue/2.6.13:
    resolution: {integrity: sha512-O+pAdJkce1ooYS1XyoQtpBQr9An+Oys3w39rkqxukVO3ZD1ilYJkWBGoRuadiQEm2LLJnCL2utV4TMSf52ubjw==}
    dev: false
